
Microsoft Visual Studio Solution File, Format Version 12.00
# Visual Studio Version 17
VisualStudioVersion = 17.3.32929.385
MinimumVisualStudioVersion = 10.0.40219.1
Project("{FAE04EC0-301F-11D3-BF4B-00C04F79EFBC}") = "Exec_Fee", "Exec_Fee\Exec_Fee.csproj", "{AB1817DA-3A2A-4A3E-A76E-2A4619E04B47}"
EndProject
Global
	GlobalSection(SolutionConfigurationPlatforms) = preSolution
		Debug|Any CPU = Debug|Any CPU
		Release|Any CPU = Release|Any CPU
	EndGlobalSection
	GlobalSection(ProjectConfigurationPlatforms) = postSolution
		{AB1817DA-3A2A-4A3E-A76E-2A4619E04B47}.Debug|Any CPU.ActiveCfg = Debug|Any CPU
		{AB1817DA-3A2A-4A3E-A76E-2A4619E04B47}.Debug|Any CPU.Build.0 = Debug|Any CPU
		{AB1817DA-3A2A-4A3E-A76E-2A4619E04B47}.Release|Any CPU.ActiveCfg = Release|Any CPU
		{AB1817DA-3A2A-4A3E-A76E-2A4619E04B47}.Release|Any CPU.Build.0 = Release|Any CPU
	EndGlobalSection
	GlobalSection(SolutionProperties) = preSolution
		HideSolutionNode = FALSE
	EndGlobalSection
	GlobalSection(ExtensibilityGlobals) = postSolution
		SolutionGuid = {12CECA73-0A4D-4D54-93F9-6C24A8F58D68}
	EndGlobalSection
EndGlobal
